
Microsoft Visual Studio Solution File, Format Version 12.00
# Visual Studio Version 17
VisualStudioVersion = 17.7.33808.371
MinimumVisualStudioVersion = 10.0.40219.1
Project("{FAE04EC0-301F-11D3-BF4B-00C04F79EFBC}") = "3DDvizhok", "3DDvizhok\3DDvizhok.csproj", "{089D120C-09EA-4851-BF0C-AA066B4D42F7}"
EndProject
Global
	GlobalSection(SolutionConfigurationPlatforms) = preSolution
		Debug|Any CPU = Debug|Any CPU
		Release|Any CPU = Release|Any CPU
	EndGlobalSection
	GlobalSection(ProjectConfigurationPlatforms) = postSolution
		{089D120C-09EA-4851-BF0C-AA066B4D42F7}.Debug|Any CPU.ActiveCfg = Debug|Any CPU
		{089D120C-09EA-4851-BF0C-AA066B4D42F7}.Debug|Any CPU.Build.0 = Debug|Any CPU
		{089D120C-09EA-4851-BF0C-AA066B4D42F7}.Release|Any CPU.ActiveCfg = Release|Any CPU
		{089D120C-09EA-4851-BF0C-AA066B4D42F7}.Release|Any CPU.Build.0 = Release|Any CPU
	EndGlobalSection
	GlobalSection(SolutionProperties) = preSolution
		HideSolutionNode = FALSE
	EndGlobalSection
	GlobalSection(ExtensibilityGlobals) = postSolution
		SolutionGuid = {4A3041F6-6929-4C2F-86D8-945B010F46D6}
	EndGlobalSection
EndGlobal
